// !$*UTF8*$!
{
	archiveVersion = 1;
	classes = {
	};
	objectVersion = 46;
	objects = {

/* Begin PBXBuildFile section */
		2A32D538C9549F3BDCD255FB /* Pods_HospitalManagementTests.framework in Frameworks */ = {isa = PBXBuildFile; fileRef = 0370C581736582B3D3CF4AB2 /* Pods_HospitalManagementTests.framework */; };
		6D7E3E8E76F9E96FA895566A /* Pods_HospitalManagementUITests.framework in Frameworks */ = {isa = PBXBuildFile; fileRef = DBA153760049F65B5F6DFD6F /* Pods_HospitalManagementUITests.framework */; };
		DE57FE54BDEFF1ECE5881915 /* Pods_HospitalManagement.framework in Frameworks */ = {isa = PBXBuildFile; fileRef = 5E5834B15C25EAE150CA3E8E /* Pods_HospitalManagement.framework */; };
		E14780DA1E3667D700B32037 /* AppDelegate.swift in Sources */ = {isa = PBXBuildFile; fileRef = E14780D91E3667D700B32037 /* AppDelegate.swift */; };
		E14780DC1E3667D700B32037 /* ViewController.swift in Sources */ = {isa = PBXBuildFile; fileRef = E14780DB1E3667D700B32037 /* ViewController.swift */; };
		E14780E21E3667D700B32037 /* HospitalManagement.xcdatamodeld in Sources */ = {isa = PBXBuildFile; fileRef = E14780E01E3667D700B32037 /* HospitalManagement.xcdatamodeld */; };
		E14780E41E3667D700B32037 /* Assets.xcassets in Resources */ = {isa = PBXBuildFile; fileRef = E14780E31E3667D700B32037 /* Assets.xcassets */; };
		E14780E71E3667D700B32037 /* LaunchScreen.storyboard in Resources */ = {isa = PBXBuildFile; fileRef = E14780E51E3667D700B32037 /* LaunchScreen.storyboard */; };
		E14780F21E3667D700B32037 /* HospitalManagementTests.swift in Sources */ = {isa = PBXBuildFile; fileRef = E14780F11E3667D700B32037 /* HospitalManagementTests.swift */; };
		E14780FD1E3667D700B32037 /* HospitalManagementUITests.swift in Sources */ = {isa = PBXBuildFile; fileRef = E14780FC1E3667D700B32037 /* HospitalManagementUITests.swift */; };
		E164C2DB1E818BCE008F74C8 /* RegisterViewController.swift in Sources */ = {isa = PBXBuildFile; fileRef = E164C2DA1E818BCE008F74C8 /* RegisterViewController.swift */; };
		E164C2DD1E818FD7008F74C8 /* PatientRegisterViewController.swift in Sources */ = {isa = PBXBuildFile; fileRef = E164C2DC1E818FD7008F74C8 /* PatientRegisterViewController.swift */; };
		E164C2DF1E8195F4008F74C8 /* GoogleService-Info.plist in Resources */ = {isa = PBXBuildFile; fileRef = E164C2DE1E8195F4008F74C8 /* GoogleService-Info.plist */; };
		E164E7151E8E4BD1008FBAB6 /* patient_prescriptionViewController.swift in Sources */ = {isa = PBXBuildFile; fileRef = E164E7141E8E4BD1008FBAB6 /* patient_prescriptionViewController.swift */; };
		E16ED13B1E6155E200C91DAA /* AccountViewController.swift in Sources */ = {isa = PBXBuildFile; fileRef = E16ED13A1E6155E200C91DAA /* AccountViewController.swift */; };
		E16ED1411E61714800C91DAA /* AppointmentViewController.swift in Sources */ = {isa = PBXBuildFile; fileRef = E16ED1401E61714800C91DAA /* AppointmentViewController.swift */; };
		E16ED1431E61716000C91DAA /* DoctorsViewController.swift in Sources */ = {isa = PBXBuildFile; fileRef = E16ED1421E61716000C91DAA /* DoctorsViewController.swift */; };
		E17215C81E61F93D0026F17F /* IndividualDoctorViewController.swift in Sources */ = {isa = PBXBuildFile; fileRef = E17215C71E61F93D0026F17F /* IndividualDoctorViewController.swift */; };
		E17F2FBE1E68276800722523 /* Main.storyboard in Resources */ = {isa = PBXBuildFile; fileRef = E17F2FBC1E68276800722523 /* Main.storyboard */; };
		E17F2FC01E68290600722523 /* LoginViewController.swift in Sources */ = {isa = PBXBuildFile; fileRef = E17F2FBF1E68290600722523 /* LoginViewController.swift */; };
		E17F2FC21E683C9700722523 /* DoctorSignUpViewController.swift in Sources */ = {isa = PBXBuildFile; fileRef = E17F2FC11E683C9700722523 /* DoctorSignUpViewController.swift */; };
		E17F2FC51E68448500722523 /* PatientLoginViewController.swift in Sources */ = {isa = PBXBuildFile; fileRef = E17F2FC41E68448500722523 /* PatientLoginViewController.swift */; };
		E17F2FC71E68449900722523 /* PatientSignUpViewController.swift in Sources */ = {isa = PBXBuildFile; fileRef = E17F2FC61E68449900722523 /* PatientSignUpViewController.swift */; };
		E1971DA91E62816600F9E093 /* Doctor-mainViewController.swift in Sources */ = {isa = PBXBuildFile; fileRef = E1971DA81E62816600F9E093 /* Doctor-mainViewController.swift */; };
		E1971DAB1E6281D500F9E093 /* ScheduleViewController.swift in Sources */ = {isa = PBXBuildFile; fileRef = E1971DAA1E6281D500F9E093 /* ScheduleViewController.swift */; };
		E1971DAD1E6281FE00F9E093 /* PrescriptionViewController.swift in Sources */ = {isa = PBXBuildFile; fileRef = E1971DAC1E6281FE00F9E093 /* PrescriptionViewController.swift */; };
		E1971DAF1E62821300F9E093 /* Doctor_accountViewController.swift in Sources */ = {isa = PBXBuildFile; fileRef = E1971DAE1E62821300F9E093 /* Doctor_accountViewController.swift */; };
		E1971DB11E62904F00F9E093 /* IndividualPatientViewController.swift in Sources */ = {isa = PBXBuildFile; fileRef = E1971DB01E62904F00F9E093 /* IndividualPatientViewController.swift */; };
		E1A8C64F1E85351000841BD2 /* IQNSArray+Sort.swift in Sources */ = {isa = PBXBuildFile; fileRef = E1A8C6391E85351000841BD2 /* IQNSArray+Sort.swift */; };
		E1A8C6501E85351000841BD2 /* IQUIScrollView+Additions.swift in Sources */ = {isa = PBXBuildFile; fileRef = E1A8C63A1E85351000841BD2 /* IQUIScrollView+Additions.swift */; };
		E1A8C6511E85351000841BD2 /* IQUITextFieldView+Additions.swift in Sources */ = {isa = PBXBuildFile; fileRef = E1A8C63B1E85351000841BD2 /* IQUITextFieldView+Additions.swift */; };
		E1A8C6521E85351000841BD2 /* IQUIView+Hierarchy.swift in Sources */ = {isa = PBXBuildFile; fileRef = E1A8C63C1E85351000841BD2 /* IQUIView+Hierarchy.swift */; };
		E1A8C6531E85351000841BD2 /* IQUIViewController+Additions.swift in Sources */ = {isa = PBXBuildFile; fileRef = E1A8C63D1E85351000841BD2 /* IQUIViewController+Additions.swift */; };
		E1A8C6541E85351000841BD2 /* IQUIWindow+Hierarchy.swift in Sources */ = {isa = PBXBuildFile; fileRef = E1A8C63E1E85351000841BD2 /* IQUIWindow+Hierarchy.swift */; };
		E1A8C6551E85351000841BD2 /* IQKeyboardManagerConstants.swift in Sources */ = {isa = PBXBuildFile; fileRef = E1A8C6401E85351000841BD2 /* IQKeyboardManagerConstants.swift */; };
		E1A8C6561E85351000841BD2 /* IQKeyboardManagerConstantsInternal.swift in Sources */ = {isa = PBXBuildFile; fileRef = E1A8C6411E85351000841BD2 /* IQKeyboardManagerConstantsInternal.swift */; };
		E1A8C6571E85351000841BD2 /* IQKeyboardManager.swift in Sources */ = {isa = PBXBuildFile; fileRef = E1A8C6421E85351000841BD2 /* IQKeyboardManager.swift */; };
		E1A8C6581E85351000841BD2 /* IQKeyboardReturnKeyHandler.swift in Sources */ = {isa = PBXBuildFile; fileRef = E1A8C6441E85351000841BD2 /* IQKeyboardReturnKeyHandler.swift */; };
		E1A8C6591E85351000841BD2 /* IQTextView.swift in Sources */ = {isa = PBXBuildFile; fileRef = E1A8C6461E85351000841BD2 /* IQTextView.swift */; };
		E1A8C65A1E85351000841BD2 /* IQBarButtonItem.swift in Sources */ = {isa = PBXBuildFile; fileRef = E1A8C6481E85351000841BD2 /* IQBarButtonItem.swift */; };
		E1A8C65B1E85351000841BD2 /* IQPreviousNextView.swift in Sources */ = {isa = PBXBuildFile; fileRef = E1A8C6491E85351000841BD2 /* IQPreviousNextView.swift */; };
		E1A8C65C1E85351000841BD2 /* IQTitleBarButtonItem.swift in Sources */ = {isa = PBXBuildFile; fileRef = E1A8C64A1E85351000841BD2 /* IQTitleBarButtonItem.swift */; };
		E1A8C65D1E85351000841BD2 /* IQToolbar.swift in Sources */ = {isa = PBXBuildFile; fileRef = E1A8C64B1E85351000841BD2 /* IQToolbar.swift */; };
		E1A8C65E1E85351000841BD2 /* IQUIView+IQKeyboardToolbar.swift in Sources */ = {isa = PBXBuildFile; fileRef = E1A8C64C1E85351000841BD2 /* IQUIView+IQKeyboardToolbar.swift */; };
		E1A8C65F1E85351000841BD2 /* IQKeyboardManager.bundle in Resources */ = {isa = PBXBuildFile; fileRef = E1A8C64E1E85351000841BD2 /* IQKeyboardManager.bundle */; };
		E1D950371E8E523C00C46971 /* IndividualPrescriptionViewController.swift in Sources */ = {isa = PBXBuildFile; fileRef = E1D950361E8E523C00C46971 /* IndividualPrescriptionViewController.swift */; };
/* End PBXBuildFile section */

/* Begin PBXContainerItemProxy section */
		E14780EE1E3667D700B32037 /* PBXContainerItemProxy */ = {
			isa = PBXContainerItemProxy;
			containerPortal = E14780CE1E3667D700B32037 /* Project object */;
			proxyType = 1;
			remoteGlobalIDString = E14780D51E3667D700B32037;
			remoteInfo = HospitalManagement;
		};
		E14780F91E3667D700B32037 /* PBXContainerItemProxy */ = {
			isa = PBXContainerItemProxy;
			containerPortal = E14780CE1E3667D700B32037 /* Project object */;
			proxyType = 1;
			remoteGlobalIDString = E14780D51E3667D700B32037;
			remoteInfo = HospitalManagement;
		};
/* End PBXContainerItemProxy section */

/* Begin PBXFileReference section */
		0370C581736582B3D3CF4AB2 /* Pods_HospitalManagementTests.framework */ = {isa = PBXFileReference; explicitFileType = wrapper.framework; includeInIndex = 0; path = Pods_HospitalManagementTests.framework; sourceTree = BUILT_PRODUCTS_DIR; };
		3A82A3BD251CAB40D0CB9F74 /* Pods-HospitalManagementUITests.debug.xcconfig */ = {isa = PBXFileReference; includeInIndex = 1; lastKnownFileType = text.xcconfig; name = "Pods-HospitalManagementUITests.debug.xcconfig"; path = "Pods/Target Support Files/Pods-HospitalManagementUITests/Pods-HospitalManagementUITests.debug.xcconfig"; sourceTree = "<group>"; };
		5E5834B15C25EAE150CA3E8E /* Pods_HospitalManagement.framework */ = {isa = PBXFileReference; explicitFileType = wrapper.framework; includeInIndex = 0; path = Pods_HospitalManagement.framework; sourceTree = BUILT_PRODUCTS_DIR; };
		67ECF745661E592D101EDB4C /* Pods-HospitalManagementTests.debug.xcconfig */ = {isa = PBXFileReference; includeInIndex = 1; lastKnownFileType = text.xcconfig; name = "Pods-HospitalManagementTests.debug.xcconfig"; path = "Pods/Target Support Files/Pods-HospitalManagementTests/Pods-HospitalManagementTests.debug.xcconfig"; sourceTree = "<group>"; };
		8EF4013565E105F2651964FC /* Pods-HospitalManagement.debug.xcconfig */ = {isa = PBXFileReference; includeInIndex = 1; lastKnownFileType = text.xcconfig; name = "Pods-HospitalManagement.debug.xcconfig"; path = "Pods/Target Support Files/Pods-HospitalManagement/Pods-HospitalManagement.debug.xcconfig"; sourceTree = "<group>"; };
		C8759F1F5FA62CF020AF6D88 /* Pods-HospitalManagement.release.xcconfig */ = {isa = PBXFileReference; includeInIndex = 1; lastKnownFileType = text.xcconfig; name = "Pods-HospitalManagement.release.xcconfig"; path = "Pods/Target Support Files/Pods-HospitalManagement/Pods-HospitalManagement.release.xcconfig"; sourceTree = "<group>"; };
		DBA153760049F65B5F6DFD6F /* Pods_HospitalManagementUITests.framework */ = {isa = PBXFileReference; explicitFileType = wrapper.framework; includeInIndex = 0; path = Pods_HospitalManagementUITests.framework; sourceTree = BUILT_PRODUCTS_DIR; };
		E14780D61E3667D700B32037 /* HospitalManagement.app */ = {isa = PBXFileReference; explicitFileType = wrapper.application; includeInIndex = 0; path = HospitalManagement.app; sourceTree = BUILT_PRODUCTS_DIR; };
		E14780D91E3667D700B32037 /* AppDelegate.swift */ = {isa = PBXFileReference; lastKnownFileType = sourcecode.swift; path = AppDelegate.swift; sourceTree = "<group>"; };
		E14780DB1E3667D700B32037 /* ViewController.swift */ = {isa = PBXFileReference; lastKnownFileType = sourcecode.swift; path = ViewController.swift; sourceTree = "<group>"; };
		E14780E11E3667D700B32037 /* HospitalManagement.xcdatamodel */ = {isa = PBXFileReference; lastKnownFileType = wrapper.xcdatamodel; path = HospitalManagement.xcdatamodel; sourceTree = "<group>"; };
		E14780E31E3667D700B32037 /* Assets.xcassets */ = {isa = PBXFileReference; lastKnownFileType = folder.assetcatalog; path = Assets.xcassets; sourceTree = "<group>"; };
		E14780E61E3667D700B32037 /* Base */ = {isa = PBXFileReference; lastKnownFileType = file.storyboard; name = Base; path = Base.lproj/LaunchScreen.storyboard; sourceTree = "<group>"; };
		E14780E81E3667D700B32037 /* Info.plist */ = {isa = PBXFileReference; lastKnownFileType = text.plist.xml; path = Info.plist; sourceTree = "<group>"; };
		E14780ED1E3667D700B32037 /* HospitalManagementTests.xctest */ = {isa = PBXFileReference; explicitFileType = wrapper.cfbundle; includeInIndex = 0; path = HospitalManagementTests.xctest; sourceTree = BUILT_PRODUCTS_DIR; };
		E14780F11E3667D700B32037 /* HospitalManagementTests.swift */ = {isa = PBXFileReference; lastKnownFileType = sourcecode.swift; path = HospitalManagementTests.swift; sourceTree = "<group>"; };
		E14780F31E3667D700B32037 /* Info.plist */ = {isa = PBXFileReference; lastKnownFileType = text.plist.xml; path = Info.plist; sourceTree = "<group>"; };
		E14780F81E3667D700B32037 /* HospitalManagementUITests.xctest */ = {isa = PBXFileReference; explicitFileType = wrapper.cfbundle; includeInIndex = 0; path = HospitalManagementUITests.xctest; sourceTree = BUILT_PRODUCTS_DIR; };
		E14780FC1E3667D700B32037 /* HospitalManagementUITests.swift */ = {isa = PBXFileReference; lastKnownFileType = sourcecode.swift; path = HospitalManagementUITests.swift; sourceTree = "<group>"; };
		E14780FE1E3667D700B32037 /* Info.plist */ = {isa = PBXFileReference; lastKnownFileType = text.plist.xml; path = Info.plist; sourceTree = "<group>"; };
		E164C2DA1E818BCE008F74C8 /* RegisterViewController.swift */ = {isa = PBXFileReference; fileEncoding = 4; lastKnownFileType = sourcecode.swift; path = RegisterViewController.swift; sourceTree = "<group>"; };
		E164C2DC1E818FD7008F74C8 /* PatientRegisterViewController.swift */ = {isa = PBXFileReference; fileEncoding = 4; lastKnownFileType = sourcecode.swift; name = PatientRegisterViewController.swift; path = ../PatientRegisterViewController.swift; sourceTree = "<group>"; };
		E164C2DE1E8195F4008F74C8 /* GoogleService-Info.plist */ = {isa = PBXFileReference; fileEncoding = 4; lastKnownFileType = text.plist.xml; path = "GoogleService-Info.plist"; sourceTree = "<group>"; };
		E164E7141E8E4BD1008FBAB6 /* patient_prescriptionViewController.swift */ = {isa = PBXFileReference; fileEncoding = 4; lastKnownFileType = sourcecode.swift; path = patient_prescriptionViewController.swift; sourceTree = "<group>"; };
		E16ED13A1E6155E200C91DAA /* AccountViewController.swift */ = {isa = PBXFileReference; fileEncoding = 4; lastKnownFileType = sourcecode.swift; path = AccountViewController.swift; sourceTree = "<group>"; };
		E16ED1401E61714800C91DAA /* AppointmentViewController.swift */ = {isa = PBXFileReference; fileEncoding = 4; lastKnownFileType = sourcecode.swift; path = AppointmentViewController.swift; sourceTree = "<group>"; };
		E16ED1421E61716000C91DAA /* DoctorsViewController.swift */ = {isa = PBXFileReference; fileEncoding = 4; lastKnownFileType = sourcecode.swift; path = DoctorsViewController.swift; sourceTree = "<group>"; };
		E17215C71E61F93D0026F17F /* IndividualDoctorViewController.swift */ = {isa = PBXFileReference; fileEncoding = 4; lastKnownFileType = sourcecode.swift; path = IndividualDoctorViewController.swift; sourceTree = "<group>"; };
		E17F2FBD1E68276800722523 /* Base */ = {isa = PBXFileReference; lastKnownFileType = file.storyboard; name = Base; path = Base.lproj/Main.storyboard; sourceTree = "<group>"; };
		E17F2FBF1E68290600722523 /* LoginViewController.swift */ = {isa = PBXFileReference; fileEncoding = 4; lastKnownFileType = sourcecode.swift; path = LoginViewController.swift; sourceTree = "<group>"; };
		E17F2FC11E683C9700722523 /* DoctorSignUpViewController.swift */ = {isa = PBXFileReference; fileEncoding = 4; lastKnownFileType = sourcecode.swift; path = DoctorSignUpViewController.swift; sourceTree = "<group>"; };
		E17F2FC41E68448500722523 /* PatientLoginViewController.swift */ = {isa = PBXFileReference; fileEncoding = 4; lastKnownFileType = sourcecode.swift; path = PatientLoginViewController.swift; sourceTree = "<group>"; };
		E17F2FC61E68449900722523 /* PatientSignUpViewController.swift */ = {isa = PBXFileReference; fileEncoding = 4; lastKnownFileType = sourcecode.swift; path = PatientSignUpViewController.swift; sourceTree = "<group>"; };
		E1971DA81E62816600F9E093 /* Doctor-mainViewController.swift */ = {isa = PBXFileReference; fileEncoding = 4; lastKnownFileType = sourcecode.swift; path = "Doctor-mainViewController.swift"; sourceTree = "<group>"; };
		E1971DAA1E6281D500F9E093 /* ScheduleViewController.swift */ = {isa = PBXFileReference; fileEncoding = 4; lastKnownFileType = sourcecode.swift; path = ScheduleViewController.swift; sourceTree = "<group>"; };
		E1971DAC1E6281FE00F9E093 /* PrescriptionViewController.swift */ = {isa = PBXFileReference; fileEncoding = 4; lastKnownFileType = sourcecode.swift; path = PrescriptionViewController.swift; sourceTree = "<group>"; };
		E1971DAE1E62821300F9E093 /* Doctor_accountViewController.swift */ = {isa = PBXFileReference; fileEncoding = 4; lastKnownFileType = sourcecode.swift; path = Doctor_accountViewController.swift; sourceTree = "<group>"; };
		E1971DB01E62904F00F9E093 /* IndividualPatientViewController.swift */ = {isa = PBXFileReference; fileEncoding = 4; lastKnownFileType = sourcecode.swift; path = IndividualPatientViewController.swift; sourceTree = "<group>"; };
		E1A8C6391E85351000841BD2 /* IQNSArray+Sort.swift */ = {isa = PBXFileReference; fileEncoding = 4; lastKnownFileType = sourcecode.swift; path = "IQNSArray+Sort.swift"; sourceTree = "<group>"; };
		E1A8C63A1E85351000841BD2 /* IQUIScrollView+Additions.swift */ = {isa = PBXFileReference; fileEncoding = 4; lastKnownFileType = sourcecode.swift; path = "IQUIScrollView+Additions.swift"; sourceTree = "<group>"; };
		E1A8C63B1E85351000841BD2 /* IQUITextFieldView+Additions.swift */ = {isa = PBXFileReference; fileEncoding = 4; lastKnownFileType = sourcecode.swift; path = "IQUITextFieldView+Additions.swift"; sourceTree = "<group>"; };
		E1A8C63C1E85351000841BD2 /* IQUIView+Hierarchy.swift */ = {isa = PBXFileReference; fileEncoding = 4; lastKnownFileType = sourcecode.swift; path = "IQUIView+Hierarchy.swift"; sourceTree = "<group>"; };
		E1A8C63D1E85351000841BD2 /* IQUIViewController+Additions.swift */ = {isa = PBXFileReference; fileEncoding = 4; lastKnownFileType = sourcecode.swift; path = "IQUIViewController+Additions.swift"; sourceTree = "<group>"; };
		E1A8C63E1E85351000841BD2 /* IQUIWindow+Hierarchy.swift */ = {isa = PBXFileReference; fileEncoding = 4; lastKnownFileType = sourcecode.swift; path = "IQUIWindow+Hierarchy.swift"; sourceTree = "<group>"; };
		E1A8C6401E85351000841BD2 /* IQKeyboardManagerConstants.swift */ = {isa = PBXFileReference; fileEncoding = 4; lastKnownFileType = sourcecode.swift; path = IQKeyboardManagerConstants.swift; sourceTree = "<group>"; };
		E1A8C6411E85351000841BD2 /* IQKeyboardManagerConstantsInternal.swift */ = {isa = PBXFileReference; fileEncoding = 4; lastKnownFileType = sourcecode.swift; path = IQKeyboardManagerConstantsInternal.swift; sourceTree = "<group>"; };
		E1A8C6421E85351000841BD2 /* IQKeyboardManager.swift */ = {isa = PBXFileReference; fileEncoding = 4; lastKnownFileType = sourcecode.swift; path = IQKeyboardManager.swift; sourceTree = "<group>"; };
		E1A8C6431E85351000841BD2 /* IQKeyboardManagerSwift.h */ = {isa = PBXFileReference; fileEncoding = 4; lastKnownFileType = sourcecode.c.h; path = IQKeyboardManagerSwift.h; sourceTree = "<group>"; };
		E1A8C6441E85351000841BD2 /* IQKeyboardReturnKeyHandler.swift */ = {isa = PBXFileReference; fileEncoding = 4; lastKnownFileType = sourcecode.swift; path = IQKeyboardReturnKeyHandler.swift; sourceTree = "<group>"; };
		E1A8C6461E85351000841BD2 /* IQTextView.swift */ = {isa = PBXFileReference; fileEncoding = 4; lastKnownFileType = sourcecode.swift; path = IQTextView.swift; sourceTree = "<group>"; };
		E1A8C6481E85351000841BD2 /* IQBarButtonItem.swift */ = {isa = PBXFileReference; fileEncoding = 4; lastKnownFileType = sourcecode.swift; path = IQBarButtonItem.swift; sourceTree = "<group>"; };
		E1A8C6491E85351000841BD2 /* IQPreviousNextView.swift */ = {isa = PBXFileReference; fileEncoding = 4; lastKnownFileType = sourcecode.swift; path = IQPreviousNextView.swift; sourceTree = "<group>"; };
		E1A8C64A1E85351000841BD2 /* IQTitleBarButtonItem.swift */ = {isa = PBXFileReference; fileEncoding = 4; lastKnownFileType = sourcecode.swift; path = IQTitleBarButtonItem.swift; sourceTree = "<group>"; };
		E1A8C64B1E85351000841BD2 /* IQToolbar.swift */ = {isa = PBXFileReference; fileEncoding = 4; lastKnownFileType = sourcecode.swift; path = IQToolbar.swift; sourceTree = "<group>"; };
		E1A8C64C1E85351000841BD2 /* IQUIView+IQKeyboardToolbar.swift */ = {isa = PBXFileReference; fileEncoding = 4; lastKnownFileType = sourcecode.swift; path = "IQUIView+IQKeyboardToolbar.swift"; sourceTree = "<group>"; };
		E1A8C64E1E85351000841BD2 /* IQKeyboardManager.bundle */ = {isa = PBXFileReference; lastKnownFileType = "wrapper.plug-in"; path = IQKeyboardManager.bundle; sourceTree = "<group>"; };
		E1D950361E8E523C00C46971 /* IndividualPrescriptionViewController.swift */ = {isa = PBXFileReference; fileEncoding = 4; lastKnownFileType = sourcecode.swift; path = IndividualPrescriptionViewController.swift; sourceTree = "<group>"; };
		EB88B194AA5B39CA7CC12B07 /* Pods-HospitalManagementUITests.release.xcconfig */ = {isa = PBXFileReference; includeInIndex = 1; lastKnownFileType = text.xcconfig; name = "Pods-HospitalManagementUITests.release.xcconfig"; path = "Pods/Target Support Files/Pods-HospitalManagementUITests/Pods-HospitalManagementUITests.release.xcconfig"; sourceTree = "<group>"; };
		EF45A5422A34C3391E658E00 /* Pods-HospitalManagementTests.release.xcconfig */ = {isa = PBXFileReference; includeInIndex = 1; lastKnownFileType = text.xcconfig; name = "Pods-HospitalManagementTests.release.xcconfig"; path = "Pods/Target Support Files/Pods-HospitalManagementTests/Pods-HospitalManagementTests.release.xcconfig"; sourceTree = "<group>"; };
/* End PBXFileReference section */

/* Begin PBXFrameworksBuildPhase section */
		E14780D31E3667D700B32037 /* Frameworks */ = {
			isa = PBXFrameworksBuildPhase;
			buildActionMask = 2147483647;
			files = (
				DE57FE54BDEFF1ECE5881915 /* Pods_HospitalManagement.framework in Frameworks */,
			);
			runOnlyForDeploymentPostprocessing = 0;
		};
		E14780EA1E3667D700B32037 /* Frameworks */ = {
			isa = PBXFrameworksBuildPhase;
			buildActionMask = 2147483647;
			files = (
				2A32D538C9549F3BDCD255FB /* Pods_HospitalManagementTests.framework in Frameworks */,
			);
			runOnlyForDeploymentPostprocessing = 0;
		};
		E14780F51E3667D700B32037 /* Frameworks */ = {
			isa = PBXFrameworksBuildPhase;
			buildActionMask = 2147483647;
			files = (
				6D7E3E8E76F9E96FA895566A /* Pods_HospitalManagementUITests.framework in Frameworks */,
			);
			runOnlyForDeploymentPostprocessing = 0;
		};
/* End PBXFrameworksBuildPhase section */

/* Begin PBXGroup section */
		D80FEB62C97A54A39F81548F /* Frameworks */ = {
			isa = PBXGroup;
			children = (
				5E5834B15C25EAE150CA3E8E /* Pods_HospitalManagement.framework */,
				0370C581736582B3D3CF4AB2 /* Pods_HospitalManagementTests.framework */,
				DBA153760049F65B5F6DFD6F /* Pods_HospitalManagementUITests.framework */,
			);
			name = Frameworks;
			sourceTree = "<group>";
		};
		E14780CD1E3667D700B32037 = {
			isa = PBXGroup;
			children = (
				E14780D81E3667D700B32037 /* HospitalManagement */,
				E14780F01E3667D700B32037 /* HospitalManagementTests */,
				E14780FB1E3667D700B32037 /* HospitalManagementUITests */,
				E14780D71E3667D700B32037 /* Products */,
				F25E7C9BB94DF60FC1DE3899 /* Pods */,
				D80FEB62C97A54A39F81548F /* Frameworks */,
			);
			sourceTree = "<group>";
		};
		E14780D71E3667D700B32037 /* Products */ = {
			isa = PBXGroup;
			children = (
				E14780D61E3667D700B32037 /* HospitalManagement.app */,
				E14780ED1E3667D700B32037 /* HospitalManagementTests.xctest */,
				E14780F81E3667D700B32037 /* HospitalManagementUITests.xctest */,
			);
			name = Products;
			sourceTree = "<group>";
		};
		E14780D81E3667D700B32037 /* HospitalManagement */ = {
			isa = PBXGroup;
			children = (
				E17F2FC31E68446F00722523 /* Patient-Login */,
				E1971DB21E6299C000F9E093 /* Login */,
				E1971DA71E6280EB00F9E093 /* Doctor-Side */,
				E1971DA61E6280CB00F9E093 /* Patient-Side */,
				E14780D91E3667D700B32037 /* AppDelegate.swift */,
				E14780E31E3667D700B32037 /* Assets.xcassets */,
				E17F2FBC1E68276800722523 /* Main.storyboard */,
				E1A8C6371E85351000841BD2 /* IQKeyboardManagerSwift */,
				E14780E51E3667D700B32037 /* LaunchScreen.storyboard */,
				E14780E81E3667D700B32037 /* Info.plist */,
				E164C2DE1E8195F4008F74C8 /* GoogleService-Info.plist */,
				E14780E01E3667D700B32037 /* HospitalManagement.xcdatamodeld */,
			);
			path = HospitalManagement;
			sourceTree = "<group>";
		};
		E14780F01E3667D700B32037 /* HospitalManagementTests */ = {
			isa = PBXGroup;
			children = (
				E14780F11E3667D700B32037 /* HospitalManagementTests.swift */,
				E14780F31E3667D700B32037 /* Info.plist */,
			);
			path = HospitalManagementTests;
			sourceTree = "<group>";
		};
		E14780FB1E3667D700B32037 /* HospitalManagementUITests */ = {
			isa = PBXGroup;
			children = (
				E14780FC1E3667D700B32037 /* HospitalManagementUITests.swift */,
				E14780FE1E3667D700B32037 /* Info.plist */,
			);
			path = HospitalManagementUITests;
			sourceTree = "<group>";
		};
		E17F2FC31E68446F00722523 /* Patient-Login */ = {
			isa = PBXGroup;
			children = (
				E17F2FC41E68448500722523 /* PatientLoginViewController.swift */,
				E17F2FC61E68449900722523 /* PatientSignUpViewController.swift */,
				E164C2DC1E818FD7008F74C8 /* PatientRegisterViewController.swift */,
			);
			name = "Patient-Login";
			sourceTree = "<group>";
		};
		E1971DA61E6280CB00F9E093 /* Patient-Side */ = {
			isa = PBXGroup;
			children = (
				E14780DB1E3667D700B32037 /* ViewController.swift */,
				E16ED1421E61716000C91DAA /* DoctorsViewController.swift */,
				E16ED1401E61714800C91DAA /* AppointmentViewController.swift */,
				E16ED13A1E6155E200C91DAA /* AccountViewController.swift */,
				E17215C71E61F93D0026F17F /* IndividualDoctorViewController.swift */,
				E164E7141E8E4BD1008FBAB6 /* patient_prescriptionViewController.swift */,
				E1D950361E8E523C00C46971 /* IndividualPrescriptionViewController.swift */,
			);
			name = "Patient-Side";
			sourceTree = "<group>";
		};
		E1971DA71E6280EB00F9E093 /* Doctor-Side */ = {
			isa = PBXGroup;
			children = (
				E1971DA81E62816600F9E093 /* Doctor-mainViewController.swift */,
				E1971DAA1E6281D500F9E093 /* ScheduleViewController.swift */,
				E1971DAC1E6281FE00F9E093 /* PrescriptionViewController.swift */,
				E1971DAE1E62821300F9E093 /* Doctor_accountViewController.swift */,
				E1971DB01E62904F00F9E093 /* IndividualPatientViewController.swift */,
			);
			name = "Doctor-Side";
			sourceTree = "<group>";
		};
		E1971DB21E6299C000F9E093 /* Login */ = {
			isa = PBXGroup;
			children = (
				E17F2FBF1E68290600722523 /* LoginViewController.swift */,
				E17F2FC11E683C9700722523 /* DoctorSignUpViewController.swift */,
				E164C2DA1E818BCE008F74C8 /* RegisterViewController.swift */,
			);
			name = Login;
			sourceTree = "<group>";
		};
		E1A8C6371E85351000841BD2 /* IQKeyboardManagerSwift */ = {
			isa = PBXGroup;
			children = (
				E1A8C6381E85351000841BD2 /* Categories */,
				E1A8C63F1E85351000841BD2 /* Constants */,
				E1A8C6421E85351000841BD2 /* IQKeyboardManager.swift */,
				E1A8C6431E85351000841BD2 /* IQKeyboardManagerSwift.h */,
				E1A8C6441E85351000841BD2 /* IQKeyboardReturnKeyHandler.swift */,
				E1A8C6451E85351000841BD2 /* IQTextView */,
				E1A8C6471E85351000841BD2 /* IQToolbar */,
				E1A8C64D1E85351000841BD2 /* Resources */,
			);
			name = IQKeyboardManagerSwift;
			path = ../IQKeyboardManagerSwift;
			sourceTree = "<group>";
		};
		E1A8C6381E85351000841BD2 /* Categories */ = {
			isa = PBXGroup;
			children = (
				E1A8C6391E85351000841BD2 /* IQNSArray+Sort.swift */,
				E1A8C63A1E85351000841BD2 /* IQUIScrollView+Additions.swift */,
				E1A8C63B1E85351000841BD2 /* IQUITextFieldView+Additions.swift */,
				E1A8C63C1E85351000841BD2 /* IQUIView+Hierarchy.swift */,
				E1A8C63D1E85351000841BD2 /* IQUIViewController+Additions.swift */,
				E1A8C63E1E85351000841BD2 /* IQUIWindow+Hierarchy.swift */,
			);
			path = Categories;
			sourceTree = "<group>";
		};
		E1A8C63F1E85351000841BD2 /* Constants */ = {
			isa = PBXGroup;
			children = (
				E1A8C6401E85351000841BD2 /* IQKeyboardManagerConstants.swift */,
				E1A8C6411E85351000841BD2 /* IQKeyboardManagerConstantsInternal.swift */,
			);
			path = Constants;
			sourceTree = "<group>";
		};
		E1A8C6451E85351000841BD2 /* IQTextView */ = {
			isa = PBXGroup;
			children = (
				E1A8C6461E85351000841BD2 /* IQTextView.swift */,
			);
			path = IQTextView;
			sourceTree = "<group>";
		};
		E1A8C6471E85351000841BD2 /* IQToolbar */ = {
			isa = PBXGroup;
			children = (
				E1A8C6481E85351000841BD2 /* IQBarButtonItem.swift */,
				E1A8C6491E85351000841BD2 /* IQPreviousNextView.swift */,
				E1A8C64A1E85351000841BD2 /* IQTitleBarButtonItem.swift */,
				E1A8C64B1E85351000841BD2 /* IQToolbar.swift */,
				E1A8C64C1E85351000841BD2 /* IQUIView+IQKeyboardToolbar.swift */,
			);
			path = IQToolbar;
			sourceTree = "<group>";
		};
		E1A8C64D1E85351000841BD2 /* Resources */ = {
			isa = PBXGroup;
			children = (
				E1A8C64E1E85351000841BD2 /* IQKeyboardManager.bundle */,
			);
			path = Resources;
			sourceTree = "<group>";
		};
		F25E7C9BB94DF60FC1DE3899 /* Pods */ = {
			isa = PBXGroup;
			children = (
				8EF4013565E105F2651964FC /* Pods-HospitalManagement.debug.xcconfig */,
				C8759F1F5FA62CF020AF6D88 /* Pods-HospitalManagement.release.xcconfig */,
				67ECF745661E592D101EDB4C /* Pods-HospitalManagementTests.debug.xcconfig */,
				EF45A5422A34C3391E658E00 /* Pods-HospitalManagementTests.release.xcconfig */,
				3A82A3BD251CAB40D0CB9F74 /* Pods-HospitalManagementUITests.debug.xcconfig */,
				EB88B194AA5B39CA7CC12B07 /* Pods-HospitalManagementUITests.release.xcconfig */,
			);
			name = Pods;
			sourceTree = "<group>";
		};
/* End PBXGroup section */

/* Begin PBXNativeTarget section */
		E14780D51E3667D700B32037 /* HospitalManagement */ = {
			isa = PBXNativeTarget;
			buildConfigurationList = E14781011E3667D700B32037 /* Build configuration list for PBXNativeTarget "HospitalManagement" */;
			buildPhases = (
				F189E5177972170E4610E20A /* [CP] Check Pods Manifest.lock */,
				E14780D21E3667D700B32037 /* Sources */,
				E14780D31E3667D700B32037 /* Frameworks */,
				E14780D41E3667D700B32037 /* Resources */,
				803CD3872FF1BC70EA0496CB /* [CP] Embed Pods Frameworks */,
				DCCC37E381FF5E178046E4B3 /* [CP] Copy Pods Resources */,
			);
			buildRules = (
			);
			dependencies = (
			);
			name = HospitalManagement;
			productName = HospitalManagement;
			productReference = E14780D61E3667D700B32037 /* HospitalManagement.app */;
			productType = "com.apple.product-type.application";
		};
		E14780EC1E3667D700B32037 /* HospitalManagementTests */ = {
			isa = PBXNativeTarget;
			buildConfigurationList = E14781041E3667D700B32037 /* Build configuration list for PBXNativeTarget "HospitalManagementTests" */;
			buildPhases = (
				6C6ADCA87864445997254B5C /* [CP] Check Pods Manifest.lock */,
				E14780E91E3667D700B32037 /* Sources */,
				E14780EA1E3667D700B32037 /* Frameworks */,
				E14780EB1E3667D700B32037 /* Resources */,
				547148D3D125AC29CD63AE11 /* [CP] Embed Pods Frameworks */,
				C933919A049D98D19989A5D2 /* [CP] Copy Pods Resources */,
			);
			buildRules = (
			);
			dependencies = (
				E14780EF1E3667D700B32037 /* PBXTargetDependency */,
			);
			name = HospitalManagementTests;
			productName = HospitalManagementTests;
			productReference = E14780ED1E3667D700B32037 /* HospitalManagementTests.xctest */;
			productType = "com.apple.product-type.bundle.unit-test";
		};
		E14780F71E3667D700B32037 /* HospitalManagementUITests */ = {
			isa = PBXNativeTarget;
			buildConfigurationList = E14781071E3667D700B32037 /* Build configuration list for PBXNativeTarget "HospitalManagementUITests" */;
			buildPhases = (
				7C0F73018FF78F7C1C762E4E /* [CP] Check Pods Manifest.lock */,
				E14780F41E3667D700B32037 /* Sources */,
				E14780F51E3667D700B32037 /* Frameworks */,
				E14780F61E3667D700B32037 /* Resources */,
				BF580DA29BA517F3551677E1 /* [CP] Embed Pods Frameworks */,
				0F1F81F095262DFDE25AFE22 /* [CP] Copy Pods Resources */,
			);
			buildRules = (
			);
			dependencies = (
				E14780FA1E3667D700B32037 /* PBXTargetDependency */,
			);
			name = HospitalManagementUITests;
			productName = HospitalManagementUITests;
			productReference = E14780F81E3667D700B32037 /* HospitalManagementUITests.xctest */;
			productType = "com.apple.product-type.bundle.ui-testing";
		};
/* End PBXNativeTarget section */

/* Begin PBXProject section */
		E14780CE1E3667D700B32037 /* Project object */ = {
			isa = PBXProject;
			attributes = {
				LastSwiftUpdateCheck = 0820;
				LastUpgradeCheck = 0820;
				ORGANIZATIONNAME = "Aiman Abdullah Anees";
				TargetAttributes = {
					E14780D51E3667D700B32037 = {
						CreatedOnToolsVersion = 8.2.1;
						DevelopmentTeam = XW73GFFZH2;
						ProvisioningStyle = Automatic;
					};
					E14780EC1E3667D700B32037 = {
						CreatedOnToolsVersion = 8.2.1;
						DevelopmentTeam = V6PZYKT7A6;
						ProvisioningStyle = Automatic;
						TestTargetID = E14780D51E3667D700B32037;
					};
					E14780F71E3667D700B32037 = {
						CreatedOnToolsVersion = 8.2.1;
						DevelopmentTeam = V6PZYKT7A6;
						ProvisioningStyle = Automatic;
						TestTargetID = E14780D51E3667D700B32037;
					};
				};
			};
			buildConfigurationList = E14780D11E3667D700B32037 /* Build configuration list for PBXProject "HospitalManagement" */;
			compatibilityVersion = "Xcode 3.2";
			developmentRegion = English;
			hasScannedForEncodings = 0;
			knownRegions = (
				en,
				Base,
			);
			mainGroup = E14780CD1E3667D700B32037;
			productRefGroup = E14780D71E3667D700B32037 /* Products */;
			projectDirPath = "";
			projectRoot = "";
			targets = (
				E14780D51E3667D700B32037 /* HospitalManagement */,
				E14780EC1E3667D700B32037 /* HospitalManagementTests */,
				E14780F71E3667D700B32037 /* HospitalManagementUITests */,
			);
		};
/* End PBXProject section */

/* Begin PBXResourcesBuildPhase section */
		E14780D41E3667D700B32037 /* Resources */ = {
			isa = PBXResourcesBuildPhase;
			buildActionMask = 2147483647;
			files = (
				E1A8C65F1E85351000841BD2 /* IQKeyboardManager.bundle in Resources */,
				E17F2FBE1E68276800722523 /* Main.storyboard in Resources */,
				E164C2DF1E8195F4008F74C8 /* GoogleService-Info.plist in Resources */,
				E14780E71E3667D700B32037 /* LaunchScreen.storyboard in Resources */,
				E14780E41E3667D700B32037 /* Assets.xcassets in Resources */,
			);
			runOnlyForDeploymentPostprocessing = 0;
		};
		E14780EB1E3667D700B32037 /* Resources */ = {
			isa = PBXResourcesBuildPhase;
			buildActionMask = 2147483647;
			files = (
			);
			runOnlyForDeploymentPostprocessing = 0;
		};
		E14780F61E3667D700B32037 /* Resources */ = {
			isa = PBXResourcesBuildPhase;
			buildActionMask = 2147483647;
			files = (
			);
			runOnlyForDeploymentPostprocessing = 0;
		};
/* End PBXResourcesBuildPhase section */

/* Begin PBXShellScriptBuildPhase section */
		0F1F81F095262DFDE25AFE22 /* [CP] Copy Pods Resources */ = {
			isa = PBXShellScriptBuildPhase;
			buildActionMask = 2147483647;
			files = (
			);
			inputPaths = (
			);
			name = "[CP] Copy Pods Resources";
			outputPaths = (
			);
			runOnlyForDeploymentPostprocessing = 0;
			shellPath = /bin/sh;
			shellScript = "\"${SRCROOT}/Pods/Target Support Files/Pods-HospitalManagementUITests/Pods-HospitalManagementUITests-resources.sh\"\n";
			showEnvVarsInLog = 0;
		};
		547148D3D125AC29CD63AE11 /* [CP] Embed Pods Frameworks */ = {
			isa = PBXShellScriptBuildPhase;
			buildActionMask = 2147483647;
			files = (
			);
			inputPaths = (
			);
			name = "[CP] Embed Pods Frameworks";
			outputPaths = (
			);
			runOnlyForDeploymentPostprocessing = 0;
			shellPath = /bin/sh;
			shellScript = "\"${SRCROOT}/Pods/Target Support Files/Pods-HospitalManagementTests/Pods-HospitalManagementTests-frameworks.sh\"\n";
			showEnvVarsInLog = 0;
		};
		6C6ADCA87864445997254B5C /* [CP] Check Pods Manifest.lock */ = {
			isa = PBXShellScriptBuildPhase;
			buildActionMask = 2147483647;
			files = (
			);
			inputPaths = (
			);
			name = "[CP] Check Pods Manifest.lock";
			outputPaths = (
			);
			runOnlyForDeploymentPostprocessing = 0;
			shellPath = /bin/sh;
			shellScript = "diff \"${PODS_PODFILE_DIR_PATH}/Podfile.lock\" \"${PODS_ROOT}/Manifest.lock\" > /dev/null\nif [ $? != 0 ] ; then\n    # print error to STDERR\n    echo \"error: The sandbox is not in sync with the Podfile.lock. Run 'pod install' or update your CocoaPods installation.\" >&2\n    exit 1\nfi\n";
			showEnvVarsInLog = 0;
		};
		7C0F73018FF78F7C1C762E4E /* [CP] Check Pods Manifest.lock */ = {
			isa = PBXShellScriptBuildPhase;
			buildActionMask = 2147483647;
			files = (
			);
			inputPaths = (
			);
			name = "[CP] Check Pods Manifest.lock";
			outputPaths = (
			);
			runOnlyForDeploymentPostprocessing = 0;
			shellPath = /bin/sh;
			shellScript = "diff \"${PODS_PODFILE_DIR_PATH}/Podfile.lock\" \"${PODS_ROOT}/Manifest.lock\" > /dev/null\nif [ $? != 0 ] ; then\n    # print error to STDERR\n    echo \"error: The sandbox is not in sync with the Podfile.lock. Run 'pod install' or update your CocoaPods installation.\" >&2\n    exit 1\nfi\n";
			showEnvVarsInLog = 0;
		};
		803CD3872FF1BC70EA0496CB /* [CP] Embed Pods Frameworks */ = {
			isa = PBXShellScriptBuildPhase;
			buildActionMask = 2147483647;
			files = (
			);
			inputPaths = (
			);
			name = "[CP] Embed Pods Frameworks";
			outputPaths = (
			);
			runOnlyForDeploymentPostprocessing = 0;
			shellPath = /bin/sh;
			shellScript = "\"${SRCROOT}/Pods/Target Support Files/Pods-HospitalManagement/Pods-HospitalManagement-frameworks.sh\"\n";
			showEnvVarsInLog = 0;
		};
		BF580DA29BA517F3551677E1 /* [CP] Embed Pods Frameworks */ = {
			isa = PBXShellScriptBuildPhase;
			buildActionMask = 2147483647;
			files = (
			);
			inputPaths = (
			);
			name = "[CP] Embed Pods Frameworks";
			outputPaths = (
			);
			runOnlyForDeploymentPostprocessing = 0;
			shellPath = /bin/sh;
			shellScript = "\"${SRCROOT}/Pods/Target Support Files/Pods-HospitalManagementUITests/Pods-HospitalManagementUITests-frameworks.sh\"\n";
			showEnvVarsInLog = 0;
		};
		C933919A049D98D19989A5D2 /* [CP] Copy Pods Resources */ = {
			isa = PBXShellScriptBuildPhase;
			buildActionMask = 2147483647;
			files = (
			);
			inputPaths = (
			);
			name = "[CP] Copy Pods Resources";
			outputPaths = (
			);
			runOnlyForDeploymentPostprocessing = 0;
			shellPath = /bin/sh;
			shellScript = "\"${SRCROOT}/Pods/Target Support Files/Pods-HospitalManagementTests/Pods-HospitalManagementTests-resources.sh\"\n";
			showEnvVarsInLog = 0;
		};
		DCCC37E381FF5E178046E4B3 /* [CP] Copy Pods Resources */ = {
			isa = PBXShellScriptBuildPhase;
			buildActionMask = 2147483647;
			files = (
			);
			inputPaths = (
			);
			name = "[CP] Copy Pods Resources";
			outputPaths = (
			);
			runOnlyForDeploymentPostprocessing = 0;
			shellPath = /bin/sh;
			shellScript = "\"${SRCROOT}/Pods/Target Support Files/Pods-HospitalManagement/Pods-HospitalManagement-resources.sh\"\n";
			showEnvVarsInLog = 0;
		};
		F189E5177972170E4610E20A /* [CP] Check Pods Manifest.lock */ = {
			isa = PBXShellScriptBuildPhase;
			buildActionMask = 2147483647;
			files = (
			);
			inputPaths = (
			);
			name = "[CP] Check Pods Manifest.lock";
			outputPaths = (
			);
			runOnlyForDeploymentPostprocessing = 0;
			shellPath = /bin/sh;
			shellScript = "diff \"${PODS_PODFILE_DIR_PATH}/Podfile.lock\" \"${PODS_ROOT}/Manifest.lock\" > /dev/null\nif [ $? != 0 ] ; then\n    # print error to STDERR\n    echo \"error: The sandbox is not in sync with the Podfile.lock. Run 'pod install' or update your CocoaPods installation.\" >&2\n    exit 1\nfi\n";
			showEnvVarsInLog = 0;
		};
/* End PBXShellScriptBuildPhase section */

/* Begin PBXSourcesBuildPhase section */
		E14780D21E3667D700B32037 /* Sources */ = {
			isa = PBXSourcesBuildPhase;
			buildActionMask = 2147483647;
			files = (
				E1A8C6521E85351000841BD2 /* IQUIView+Hierarchy.swift in Sources */,
				E1A8C64F1E85351000841BD2 /* IQNSArray+Sort.swift in Sources */,
				E1A8C6581E85351000841BD2 /* IQKeyboardReturnKeyHandler.swift in Sources */,
				E14780DC1E3667D700B32037 /* ViewController.swift in Sources */,
				E1A8C6551E85351000841BD2 /* IQKeyboardManagerConstants.swift in Sources */,
				E1971DB11E62904F00F9E093 /* IndividualPatientViewController.swift in Sources */,
				E17F2FC71E68449900722523 /* PatientSignUpViewController.swift in Sources */,
				E17F2FC51E68448500722523 /* PatientLoginViewController.swift in Sources */,
				E1A8C6511E85351000841BD2 /* IQUITextFieldView+Additions.swift in Sources */,
				E16ED1431E61716000C91DAA /* DoctorsViewController.swift in Sources */,
				E164C2DD1E818FD7008F74C8 /* PatientRegisterViewController.swift in Sources */,
				E14780DA1E3667D700B32037 /* AppDelegate.swift in Sources */,
				E1A8C6561E85351000841BD2 /* IQKeyboardManagerConstantsInternal.swift in Sources */,
				E1971DAB1E6281D500F9E093 /* ScheduleViewController.swift in Sources */,
				E1971DAD1E6281FE00F9E093 /* PrescriptionViewController.swift in Sources */,
				E16ED13B1E6155E200C91DAA /* AccountViewController.swift in Sources */,
				E1A8C6571E85351000841BD2 /* IQKeyboardManager.swift in Sources */,
				E1A8C65D1E85351000841BD2 /* IQToolbar.swift in Sources */,
				E1A8C65C1E85351000841BD2 /* IQTitleBarButtonItem.swift in Sources */,
				E17215C81E61F93D0026F17F /* IndividualDoctorViewController.swift in Sources */,
				E1971DAF1E62821300F9E093 /* Doctor_accountViewController.swift in Sources */,
				E1A8C65B1E85351000841BD2 /* IQPreviousNextView.swift in Sources */,
				E1A8C6541E85351000841BD2 /* IQUIWindow+Hierarchy.swift in Sources */,
				E1A8C6501E85351000841BD2 /* IQUIScrollView+Additions.swift in Sources */,
				E16ED1411E61714800C91DAA /* AppointmentViewController.swift in Sources */,
				E1A8C6531E85351000841BD2 /* IQUIViewController+Additions.swift in Sources */,
				E1A8C65E1E85351000841BD2 /* IQUIView+IQKeyboardToolbar.swift in Sources */,
				E1A8C6591E85351000841BD2 /* IQTextView.swift in Sources */,
				E1A8C65A1E85351000841BD2 /* IQBarButtonItem.swift in Sources */,
				E17F2FC21E683C9700722523 /* DoctorSignUpViewController.swift in Sources */,
				E164C2DB1E818BCE008F74C8 /* RegisterViewController.swift in Sources */,
				E164E7151E8E4BD1008FBAB6 /* patient_prescriptionViewController.swift in Sources */,
				E1971DA91E62816600F9E093 /* Doctor-mainViewController.swift in Sources */,
				E17F2FC01E68290600722523 /* LoginViewController.swift in Sources */,
				E14780E21E3667D700B32037 /* HospitalManagement.xcdatamodeld in Sources */,
				E1D950371E8E523C00C46971 /* IndividualPrescriptionViewController.swift in Sources */,
			);
			runOnlyForDeploymentPostprocessing = 0;
		};
		E14780E91E3667D700B32037 /* Sources */ = {
			isa = PBXSourcesBuildPhase;
			buildActionMask = 2147483647;
			files = (
				E14780F21E3667D700B32037 /* HospitalManagementTests.swift in Sources */,
			);
			runOnlyForDeploymentPostprocessing = 0;
		};
		E14780F41E3667D700B32037 /* Sources */ = {
			isa = PBXSourcesBuildPhase;
			buildActionMask = 2147483647;
			files = (
				E14780FD1E3667D700B32037 /* HospitalManagementUITests.swift in Sources */,
			);
			runOnlyForDeploymentPostprocessing = 0;
		};
/* End PBXSourcesBuildPhase section */

/* Begin PBXTargetDependency section */
		E14780EF1E3667D700B32037 /* PBXTargetDependency */ = {
			isa = PBXTargetDependency;
			target = E14780D51E3667D700B32037 /* HospitalManagement */;
			targetProxy = E14780EE1E3667D700B32037 /* PBXContainerItemProxy */;
		};
		E14780FA1E3667D700B32037 /* PBXTargetDependency */ = {
			isa = PBXTargetDependency;
			target = E14780D51E3667D700B32037 /* HospitalManagement */;
			targetProxy = E14780F91E3667D700B32037 /* PBXContainerItemProxy */;
		};
/* End PBXTargetDependency section */

/* Begin PBXVariantGroup section */
		E14780E51E3667D700B32037 /* LaunchScreen.storyboard */ = {
			isa = PBXVariantGroup;
			children = (
				E14780E61E3667D700B32037 /* Base */,
			);
			name = LaunchScreen.storyboard;
			sourceTree = "<group>";
		};
		E17F2FBC1E68276800722523 /* Main.storyboard */ = {
			isa = PBXVariantGroup;
			children = (
				E17F2FBD1E68276800722523 /* Base */,
			);
			name = Main.storyboard;
			sourceTree = "<group>";
		};
/* End PBXVariantGroup section */

/* Begin XCBuildConfiguration section */
		E14780FF1E3667D700B32037 /* Debug */ = {
			isa = XCBuildConfiguration;
			buildSettings = {
				ALWAYS_SEARCH_USER_PATHS = NO;
				CLANG_ANALYZER_NONNULL = YES;
				CLANG_CXX_LANGUAGE_STANDARD = "gnu++0x";
				CLANG_CXX_LIBRARY = "libc++";
				CLANG_ENABLE_MODULES = YES;
				CLANG_ENABLE_OBJC_ARC = YES;
				CLANG_WARN_BOOL_CONVERSION = YES;
				CLANG_WARN_CONSTANT_CONVERSION = YES;
				CLANG_WARN_DIRECT_OBJC_ISA_USAGE = YES_ERROR;
				CLANG_WARN_DOCUMENTATION_COMMENTS = YES;
				CLANG_WARN_EMPTY_BODY = YES;
				CLANG_WARN_ENUM_CONVERSION = YES;
				CLANG_WARN_INFINITE_RECURSION = YES;
				CLANG_WARN_INT_CONVERSION = YES;
				CLANG_WARN_OBJC_ROOT_CLASS = YES_ERROR;
				CLANG_WARN_SUSPICIOUS_MOVE = YES;
				CLANG_WARN_UNREACHABLE_CODE = YES;
				CLANG_WARN__DUPLICATE_METHOD_MATCH = YES;
				"CODE_SIGN_IDENTITY[sdk=iphoneos*]" = "iPhone Developer";
				COPY_PHASE_STRIP = NO;
				DEBUG_INFORMATION_FORMAT = dwarf;
				ENABLE_STRICT_OBJC_MSGSEND = YES;
				ENABLE_TESTABILITY = YES;
				GCC_C_LANGUAGE_STANDARD = gnu99;
				GCC_DYNAMIC_NO_PIC = NO;
				GCC_NO_COMMON_BLOCKS = YES;
				GCC_OPTIMIZATION_LEVEL = 0;
				GCC_PREPROCESSOR_DEFINITIONS = (
					"DEBUG=1",
					"$(inherited)",
				);
				GCC_WARN_64_TO_32_BIT_CONVERSION = YES;
				GCC_WARN_ABOUT_RETURN_TYPE = YES_ERROR;
				GCC_WARN_UNDECLARED_SELECTOR = YES;
				GCC_WARN_UNINITIALIZED_AUTOS = YES_AGGRESSIVE;
				GCC_WARN_UNUSED_FUNCTION = YES;
				GCC_WARN_UNUSED_VARIABLE = YES;
				IPHONEOS_DEPLOYMENT_TARGET = 10.2;
				MTL_ENABLE_DEBUG_INFO = YES;
				ONLY_ACTIVE_ARCH = YES;
				SDKROOT = iphoneos;
				SWIFT_ACTIVE_COMPILATION_CONDITIONS = DEBUG;
				SWIFT_OPTIMIZATION_LEVEL = "-Onone";
			};
			name = Debug;
		};
		E14781001E3667D700B32037 /* Release */ = {
			isa = XCBuildConfiguration;
			buildSettings = {
				ALWAYS_SEARCH_USER_PATHS = NO;
				CLANG_ANALYZER_NONNULL = YES;
				CLANG_CXX_LANGUAGE_STANDARD = "gnu++0x";
				CLANG_CXX_LIBRARY = "libc++";
				CLANG_ENABLE_MODULES = YES;
				CLANG_ENABLE_OBJC_ARC = YES;
				CLANG_WARN_BOOL_CONVERSION = YES;
				CLANG_WARN_CONSTANT_CONVERSION = YES;
				CLANG_WARN_DIRECT_OBJC_ISA_USAGE = YES_ERROR;
				CLANG_WARN_DOCUMENTATION_COMMENTS = YES;
				CLANG_WARN_EMPTY_BODY = YES;
				CLANG_WARN_ENUM_CONVERSION = YES;
				CLANG_WARN_INFINITE_RECURSION = YES;
				CLANG_WARN_INT_CONVERSION = YES;
				CLANG_WARN_OBJC_ROOT_CLASS = YES_ERROR;
				CLANG_WARN_SUSPICIOUS_MOVE = YES;
				CLANG_WARN_UNREACHABLE_CODE = YES;
				CLANG_WARN__DUPLICATE_METHOD_MATCH = YES;
				"CODE_SIGN_IDENTITY[sdk=iphoneos*]" = "iPhone Developer";
				COPY_PHASE_STRIP = NO;
				DEBUG_INFORMATION_FORMAT = "dwarf-with-dsym";
				ENABLE_NS_ASSERTIONS = NO;
				ENABLE_STRICT_OBJC_MSGSEND = YES;
				GCC_C_LANGUAGE_STANDARD = gnu99;
				GCC_NO_COMMON_BLOCKS = YES;
				GCC_WARN_64_TO_32_BIT_CONVERSION = YES;
				GCC_WARN_ABOUT_RETURN_TYPE = YES_ERROR;
				GCC_WARN_UNDECLARED_SELECTOR = YES;
				GCC_WARN_UNINITIALIZED_AUTOS = YES_AGGRESSIVE;
				GCC_WARN_UNUSED_FUNCTION = YES;
				GCC_WARN_UNUSED_VARIABLE = YES;
				IPHONEOS_DEPLOYMENT_TARGET = 10.2;
				MTL_ENABLE_DEBUG_INFO = NO;
				SDKROOT = iphoneos;
				SWIFT_OPTIMIZATION_LEVEL = "-Owholemodule";
				VALIDATE_PRODUCT = YES;
			};
			name = Release;
		};
		E14781021E3667D700B32037 /* Debug */ = {
			isa = XCBuildConfiguration;
			baseConfigurationReference = 8EF4013565E105F2651964FC /* Pods-HospitalManagement.debug.xcconfig */;
			buildSettings = {
				ASSETCATALOG_COMPILER_APPICON_NAME = AppIcon;
				CODE_SIGN_IDENTITY = "iPhone Developer";
				DEVELOPMENT_TEAM = XW73GFFZH2;
				INFOPLIST_FILE = HospitalManagement/Info.plist;
				LD_RUNPATH_SEARCH_PATHS = "$(inherited) @executable_path/Frameworks";
				PRODUCT_BUNDLE_IDENTIFIER = com.App01.HospitalManagement;
				PRODUCT_NAME = "$(TARGET_NAME)";
				SWIFT_VERSION = 3.0;
			};
			name = Debug;
		};
		E14781031E3667D700B32037 /* Release */ = {
			isa = XCBuildConfiguration;
			baseConfigurationReference = C8759F1F5FA62CF020AF6D88 /* Pods-HospitalManagement.release.xcconfig */;
			buildSettings = {
				ASSETCATALOG_COMPILER_APPICON_NAME = AppIcon;
				CODE_SIGN_IDENTITY = "iPhone Developer";
				DEVELOPMENT_TEAM = XW73GFFZH2;
				INFOPLIST_FILE = HospitalManagement/Info.plist;
				LD_RUNPATH_SEARCH_PATHS = "$(inherited) @executable_path/Frameworks";
				PRODUCT_BUNDLE_IDENTIFIER = com.App01.HospitalManagement;
				PRODUCT_NAME = "$(TARGET_NAME)";
				SWIFT_VERSION = 3.0;
			};
			name = Release;
		};
		E14781051E3667D700B32037 /* Debug */ = {
			isa = XCBuildConfiguration;
			baseConfigurationReference = 67ECF745661E592D101EDB4C /* Pods-HospitalManagementTests.debug.xcconfig */;
			buildSettings = {
				ALWAYS_EMBED_SWIFT_STANDARD_LIBRARIES = YES;
				BUNDLE_LOADER = "$(TEST_HOST)";
				DEVELOPMENT_TEAM = V6PZYKT7A6;
				INFOPLIST_FILE = HospitalManagementTests/Info.plist;
				LD_RUNPATH_SEARCH_PATHS = "$(inherited) @executable_path/Frameworks @loader_path/Frameworks";
				PRODUCT_BUNDLE_IDENTIFIER = com.App01.HospitalManagementTests;
				PRODUCT_NAME = "$(TARGET_NAME)";
				SWIFT_VERSION = 3.0;
				TEST_HOST = "$(BUILT_PRODUCTS_DIR)/HospitalManagement.app/HospitalManagement";
			};
			name = Debug;
		};
		E14781061E3667D700B32037 /* Release */ = {
			isa = XCBuildConfiguration;
			baseConfigurationReference = EF45A5422A34C3391E658E00 /* Pods-HospitalManagementTests.release.xcconfig */;
			buildSettings = {
				ALWAYS_EMBED_SWIFT_STANDARD_LIBRARIES = YES;
				BUNDLE_LOADER = "$(TEST_HOST)";
				DEVELOPMENT_TEAM = V6PZYKT7A6;
				INFOPLIST_FILE = HospitalManagementTests/Info.plist;
				LD_RUNPATH_SEARCH_PATHS = "$(inherited) @executable_path/Frameworks @loader_path/Frameworks";
				PRODUCT_BUNDLE_IDENTIFIER = com.App01.HospitalManagementTests;
				PRODUCT_NAME = "$(TARGET_NAME)";
				SWIFT_VERSION = 3.0;
				TEST_HOST = "$(BUILT_PRODUCTS_DIR)/HospitalManagement.app/HospitalManagement";
			};
			name = Release;
		};
		E14781081E3667D700B32037 /* Debug */ = {
			isa = XCBuildConfiguration;
			baseConfigurationReference = 3A82A3BD251CAB40D0CB9F74 /* Pods-HospitalManagementUITests.debug.xcconfig */;
			buildSettings = {
				ALWAYS_EMBED_SWIFT_STANDARD_LIBRARIES = YES;
				DEVELOPMENT_TEAM = V6PZYKT7A6;
				INFOPLIST_FILE = HospitalManagementUITests/Info.plist;
				LD_RUNPATH_SEARCH_PATHS = "$(inherited) @executable_path/Frameworks @loader_path/Frameworks";
				PRODUCT_BUNDLE_IDENTIFIER = com.App01.HospitalManagementUITests;
				PRODUCT_NAME = "$(TARGET_NAME)";
				SWIFT_VERSION = 3.0;
				TEST_TARGET_NAME = HospitalManagement;
			};
			name = Debug;
		};
		E14781091E3667D700B32037 /* Release */ = {
			isa = XCBuildConfiguration;
			baseConfigurationReference = EB88B194AA5B39CA7CC12B07 /* Pods-HospitalManagementUITests.release.xcconfig */;
			buildSettings = {
				ALWAYS_EMBED_SWIFT_STANDARD_LIBRARIES = YES;
				DEVELOPMENT_TEAM = V6PZYKT7A6;
				INFOPLIST_FILE = HospitalManagementUITests/Info.plist;
				LD_RUNPATH_SEARCH_PATHS = "$(inherited) @executable_path/Frameworks @loader_path/Frameworks";
				PRODUCT_BUNDLE_IDENTIFIER = com.App01.HospitalManagementUITests;
				PRODUCT_NAME = "$(TARGET_NAME)";
				SWIFT_VERSION = 3.0;
				TEST_TARGET_NAME = HospitalManagement;
			};
			name = Release;
		};
/* End XCBuildConfiguration section */

/* Begin XCConfigurationList section */
		E14780D11E3667D700B32037 /* Build configuration list for PBXProject "HospitalManagement" */ = {
			isa = XCConfigurationList;
			buildConfigurations = (
				E14780FF1E3667D700B32037 /* Debug */,
				E14781001E3667D700B32037 /* Release */,
			);
			defaultConfigurationIsVisible = 0;
			defaultConfigurationName = Release;
		};
		E14781011E3667D700B32037 /* Build configuration list for PBXNativeTarget "HospitalManagement" */ = {
			isa = XCConfigurationList;
			buildConfigurations = (
				E14781021E3667D700B32037 /* Debug */,
				E14781031E3667D700B32037 /* Release */,
			);
			defaultConfigurationIsVisible = 0;
			defaultConfigurationName = Release;
		};
		E14781041E3667D700B32037 /* Build configuration list for PBXNativeTarget "HospitalManagementTests" */ = {
			isa = XCConfigurationList;
			buildConfigurations = (
				E14781051E3667D700B32037 /* Debug */,
				E14781061E3667D700B32037 /* Release */,
			);
			defaultConfigurationIsVisible = 0;
			defaultConfigurationName = Release;
		};
		E14781071E3667D700B32037 /* Build configuration list for PBXNativeTarget "HospitalManagementUITests" */ = {
			isa = XCConfigurationList;
			buildConfigurations = (
				E14781081E3667D700B32037 /* Debug */,
				E14781091E3667D700B32037 /* Release */,
			);
			defaultConfigurationIsVisible = 0;
			defaultConfigurationName = Release;
		};
/* End XCConfigurationList section */

/* Begin XCVersionGroup section */
		E14780E01E3667D700B32037 /* HospitalManagement.xcdatamodeld */ = {
			isa = XCVersionGroup;
			children = (
				E14780E11E3667D700B32037 /* HospitalManagement.xcdatamodel */,
			);
			currentVersion = E14780E11E3667D700B32037 /* HospitalManagement.xcdatamodel */;
			path = HospitalManagement.xcdatamodeld;
			sourceTree = "<group>";
			versionGroupType = wrapper.xcdatamodel;
		};
/* End XCVersionGroup section */
	};
	rootObject = E14780CE1E3667D700B32037 /* Project object */;
}
